
Microsoft Visual Studio Solution File, Format Version 12.00
# Visual Studio 15
VisualStudioVersion = 15.0.28010.2050
MinimumVisualStudioVersion = 10.0.40219.1
Project("{9A19103F-16F7-4668-BE54-9A1E7A4F7556}") = "aspcoremvc", "aspcoremvc\aspcoremvc.csproj", "{FC492F94-2BAF-4345-815A-9663A1B07D11}"
EndProject
Project("{9A19103F-16F7-4668-BE54-9A1E7A4F7556}") = "aspcore.Data", "aspcore.Data\aspcore.Data.csproj", "{950A2BB1-2420-4C61-85B8-ED98F724617D}"
EndProject
Global
	GlobalSection(SolutionConfigurationPlatforms) = preSolution
		Debug|Any CPU = Debug|Any CPU
		Release|Any CPU = Release|Any CPU
	EndGlobalSection
	GlobalSection(ProjectConfigurationPlatforms) = postSolution
		{FC492F94-2BAF-4345-815A-9663A1B07D11}.Debug|Any CPU.ActiveCfg = Debug|Any CPU
		{FC492F94-2BAF-4345-815A-9663A1B07D11}.Debug|Any CPU.Build.0 = Debug|Any CPU
		{FC492F94-2BAF-4345-815A-9663A1B07D11}.Release|Any CPU.ActiveCfg = Release|Any CPU
		{FC492F94-2BAF-4345-815A-9663A1B07D11}.Release|Any CPU.Build.0 = Release|Any CPU
		{950A2BB1-2420-4C61-85B8-ED98F724617D}.Debug|Any CPU.ActiveCfg = Debug|Any CPU
		{950A2BB1-2420-4C61-85B8-ED98F724617D}.Debug|Any CPU.Build.0 = Debug|Any CPU
		{950A2BB1-2420-4C61-85B8-ED98F724617D}.Release|Any CPU.ActiveCfg = Release|Any CPU
		{950A2BB1-2420-4C61-85B8-ED98F724617D}.Release|Any CPU.Build.0 = Release|Any CPU
	EndGlobalSection
	GlobalSection(SolutionProperties) = preSolution
		HideSolutionNode = FALSE
	EndGlobalSection
	GlobalSection(ExtensibilityGlobals) = postSolution
		SolutionGuid = {DEF8ADB5-A9D5-403F-93D7-F22438EA6F46}
	EndGlobalSection
EndGlobal
